PODS:
  - app_links (6.4.1):
    - Flutter
  - Flutter (1.0.0)
  - flutter_inappwebview_ios (0.0.1):
    - Flutter
    - flutter_inappwebview_ios/Core (= 0.0.1)
    - OrderedSet (~> 6.0.3)
  - flutter_inappwebview_ios/Core (0.0.1):
    - Flutter
    - OrderedSet (~> 6.0.3)
  - flutter_libphonenumber_ios (1.1.4):
    - Flutter
    - PhoneNumberKit/PhoneNumberKitCore (= 3.8.0)
  - flutter_secure_storage (6.0.0):
    - Flutter
  - OrderedSet (6.0.3)
  - passkeys_ios (0.0.1):
    - Flutter
  - path_provider_foundation (0.0.1):
    - Flutter
    - FlutterMacOS
  - PhoneNumberKit/PhoneNumberKitCore (3.8.0)
  - sign_in_with_apple (0.0.1):
    - Flutter
  - ua_client_hints (1.4.1):
    - Flutter

DEPENDENCIES:
  - app_links (from `.symlinks/plugins/app_links/ios`)
  - Flutter (from `Flutter`)
  - flutter_inappwebview_ios (from `.symlinks/plugins/flutter_inappwebview_ios/ios`)
  - flutter_libphonenumber_ios (from `.symlinks/plugins/flutter_libphonenumber_ios/ios`)
  - flutter_secure_storage (from `.symlinks/plugins/flutter_secure_storage/ios`)
  - passkeys_ios (from `.symlinks/plugins/passkeys_ios/ios`)
  - path_provider_foundation (from `.symlinks/plugins/path_provider_foundation/darwin`)
  - sign_in_with_apple (from `.symlinks/plugins/sign_in_with_apple/ios`)
  - ua_client_hints (from `.symlinks/plugins/ua_client_hints/ios`)

SPEC REPOS:
  trunk:
    - OrderedSet
    - PhoneNumberKit

EXTERNAL SOURCES:
  app_links:
    :path: ".symlinks/plugins/app_links/ios"
  Flutter:
    :path: Flutter
  flutter_inappwebview_ios:
    :path: ".symlinks/plugins/flutter_inappwebview_ios/ios"
  flutter_libphonenumber_ios:
    :path: ".symlinks/plugins/flutter_libphonenumber_ios/ios"
  flutter_secure_storage:
    :path: ".symlinks/plugins/flutter_secure_storage/ios"
  passkeys_ios:
    :path: ".symlinks/plugins/passkeys_ios/ios"
  path_provider_foundation:
    :path: ".symlinks/plugins/path_provider_foundation/darwin"
  sign_in_with_apple:
    :path: ".symlinks/plugins/sign_in_with_apple/ios"
  ua_client_hints:
    :path: ".symlinks/plugins/ua_client_hints/ios"

SPEC CHECKSUMS:
  app_links: 585674be3c6661708e6cd794ab4f39fb9d8356f9
  Flutter: cabc95a1d2626b1b06e7179b784ebcf0c0cde467
  flutter_inappwebview_ios: 6f63631e2c62a7c350263b13fa5427aedefe81d4
  flutter_libphonenumber_ios: 5ad8620197bff91dd159d828b7544ec6956e86a1
  flutter_secure_storage: d33dac7ae2ea08509be337e775f6b59f1ff45f12
  OrderedSet: e539b66b644ff081c73a262d24ad552a69be3a94
  passkeys_ios: fdae8c06e2178a9fcb9261a6cb21fb9a06a81d53
  path_provider_foundation: 0b743cbb62d8e47eab856f09262bb8c1ddcfe6ba
  PhoneNumberKit: ec00ab8cef5342c1dc49fadb99d23fa7e66cf0ef
  sign_in_with_apple: f3bf75217ea4c2c8b91823f225d70230119b8440
  ua_client_hints: aeabd123262c087f0ce151ef96fa3ab77bfc8b38

PODFILE CHECKSUM: 4f1c12611da7338d21589c0b2ecd6bd20b109694

COCOAPODS: 1.16.2
